# THIS IS AN AUTOGENERATED FILE. DO NOT EDIT THIS FILE DIRECTLY.
# yarn lockfile v1


xstate@^4.7.3:
  version "4.7.3"
  resolved "https://registry.yarnpkg.com/xstate/-/xstate-4.7.3.tgz#61d36c5f85609ab1e354c72fbaedf38d57525b69"
  integrity sha512-+1KyOB2JTv4kQQlZnEiDxSpEaIJnqslMa/479sc1KU3NMRP0caIV3p55Sr27GFS1EXQvnJ+n84bnWx77qplDWg==
