# THIS IS AN AUTOGENERATED FILE. DO NOT EDIT THIS FILE DIRECTLY.
# yarn lockfile v1


amqp@^0.2.6:
  version "0.2.6"
  resolved "https://registry.yarnpkg.com/amqp/-/amqp-0.2.6.tgz#d97fee5143026fa0b4fd6a5d56485f0448eb37ca"
  dependencies:
    lodash "^4.0.0"

lodash@^4.0.0:
  version "4.17.10"
  resolved "https://registry.yarnpkg.com/lodash/-/lodash-4.17.10.tgz#1b7793cf7259ea38fb3661d4d38b3260af8ae4e7"
